
Microsoft Visual Studio Solution File, Format Version 12.00
# Visual Studio Version 17
VisualStudioVersion = 17.4.33213.308
MinimumVisualStudioVersion = 10.0.40219.1
Project("{FAE04EC0-301F-11D3-BF4B-00C04F79EFBC}") = "Heart", "Heart\Heart.csproj", "{A46C9976-AA02-4183-95B3-A74ADA0B86F7}"
EndProject
Global
	GlobalSection(SolutionConfigurationPlatforms) = preSolution
		Debug|Any CPU = Debug|Any CPU
		Release|Any CPU = Release|Any CPU
	EndGlobalSection
	GlobalSection(ProjectConfigurationPlatforms) = postSolution
		{A46C9976-AA02-4183-95B3-A74ADA0B86F7}.Debug|Any CPU.ActiveCfg = Debug|Any CPU
		{A46C9976-AA02-4183-95B3-A74ADA0B86F7}.Debug|Any CPU.Build.0 = Debug|Any CPU
		{A46C9976-AA02-4183-95B3-A74ADA0B86F7}.Release|Any CPU.ActiveCfg = Release|Any CPU
		{A46C9976-AA02-4183-95B3-A74ADA0B86F7}.Release|Any CPU.Build.0 = Release|Any CPU
	EndGlobalSection
	GlobalSection(SolutionProperties) = preSolution
		HideSolutionNode = FALSE
	EndGlobalSection
	GlobalSection(ExtensibilityGlobals) = postSolution
		SolutionGuid = {493CC72F-014A-4C1A-B5AC-CE9C2D95ACFF}
	EndGlobalSection
EndGlobal
